
Microsoft Visual Studio Solution File, Format Version 12.00
# Visual Studio Version 17
VisualStudioVersion = 17.11.35303.130
MinimumVisualStudioVersion = 10.0.40219.1
Project("{FAE04EC0-301F-11D3-BF4B-00C04F79EFBC}") = "WebApp", "WebApp\WebApp.csproj", "{BE3F4110-42DC-4193-BE43-9B279630E091}"
EndProject
Global
	GlobalSection(SolutionConfigurationPlatforms) = preSolution
		Debug|Any CPU = Debug|Any CPU
		Release|Any CPU = Release|Any CPU
	EndGlobalSection
	GlobalSection(ProjectConfigurationPlatforms) = postSolution
		{BE3F4110-42DC-4193-BE43-9B279630E091}.Debug|Any CPU.ActiveCfg = Debug|Any CPU
		{BE3F4110-42DC-4193-BE43-9B279630E091}.Debug|Any CPU.Build.0 = Debug|Any CPU
		{BE3F4110-42DC-4193-BE43-9B279630E091}.Release|Any CPU.ActiveCfg = Release|Any CPU
		{BE3F4110-42DC-4193-BE43-9B279630E091}.Release|Any CPU.Build.0 = Release|Any CPU
	EndGlobalSection
	GlobalSection(SolutionProperties) = preSolution
		HideSolutionNode = FALSE
	EndGlobalSection
	GlobalSection(ExtensibilityGlobals) = postSolution
		SolutionGuid = {6BBC0376-37D7-4BD6-B279-06B2795AE95B}
	EndGlobalSection
EndGlobal
